
Microsoft Visual Studio Solution File, Format Version 12.00
# Visual Studio 15
VisualStudioVersion = 15.0.26923.0
MinimumVisualStudioVersion = 10.0.40219.1
Project("{FAE04EC0-301F-11D3-BF4B-00C04F79EFBC}") = "Service", "Service\Service.csproj", "{AF84690C-BCD1-40DD-B043-E8BDDFF951D0}"
EndProject
Project("{FAE04EC0-301F-11D3-BF4B-00C04F79EFBC}") = "ConsoleApp", "ConsoleApp\ConsoleApp.csproj", "{BDF46A2A-C536-421C-8723-20F5AF47C9D8}"
EndProject
Project("{FAE04EC0-301F-11D3-BF4B-00C04F79EFBC}") = "ClassLibrary", "ClassLibrary\ClassLibrary.csproj", "{5BEEB92E-1767-4AD7-85AF-973567E88A32}"
EndProject
Project("{FAE04EC0-301F-11D3-BF4B-00C04F79EFBC}") = "WEB", "WEB\WEB.csproj", "{2B5734DE-784F-425E-BC0B-E48D41B07884}"
EndProject
Project("{FAE04EC0-301F-11D3-BF4B-00C04F79EFBC}") = "WCFService", "WCFService\WCFService.csproj", "{90519B75-E28E-4AC2-A0E3-A3A47D292A89}"
EndProject
Global
	GlobalSection(SolutionConfigurationPlatforms) = preSolution
		Debug|Any CPU = Debug|Any CPU
		Release|Any CPU = Release|Any CPU
	EndGlobalSection
	GlobalSection(ProjectConfigurationPlatforms) = postSolution
		{AF84690C-BCD1-40DD-B043-E8BDDFF951D0}.Debug|Any CPU.ActiveCfg = Debug|Any CPU
		{AF84690C-BCD1-40DD-B043-E8BDDFF951D0}.Debug|Any CPU.Build.0 = Debug|Any CPU
		{AF84690C-BCD1-40DD-B043-E8BDDFF951D0}.Release|Any CPU.ActiveCfg = Release|Any CPU
		{AF84690C-BCD1-40DD-B043-E8BDDFF951D0}.Release|Any CPU.Build.0 = Release|Any CPU
		{BDF46A2A-C536-421C-8723-20F5AF47C9D8}.Debug|Any CPU.ActiveCfg = Debug|Any CPU
		{BDF46A2A-C536-421C-8723-20F5AF47C9D8}.Debug|Any CPU.Build.0 = Debug|Any CPU
		{BDF46A2A-C536-421C-8723-20F5AF47C9D8}.Release|Any CPU.ActiveCfg = Release|Any CPU
		{BDF46A2A-C536-421C-8723-20F5AF47C9D8}.Release|Any CPU.Build.0 = Release|Any CPU
		{5BEEB92E-1767-4AD7-85AF-973567E88A32}.Debug|Any CPU.ActiveCfg = Debug|Any CPU
		{5BEEB92E-1767-4AD7-85AF-973567E88A32}.Debug|Any CPU.Build.0 = Debug|Any CPU
		{5BEEB92E-1767-4AD7-85AF-973567E88A32}.Release|Any CPU.ActiveCfg = Release|Any CPU
		{5BEEB92E-1767-4AD7-85AF-973567E88A32}.Release|Any CPU.Build.0 = Release|Any CPU
		{2B5734DE-784F-425E-BC0B-E48D41B07884}.Debug|Any CPU.ActiveCfg = Debug|Any CPU
		{2B5734DE-784F-425E-BC0B-E48D41B07884}.Debug|Any CPU.Build.0 = Debug|Any CPU
		{2B5734DE-784F-425E-BC0B-E48D41B07884}.Release|Any CPU.ActiveCfg = Release|Any CPU
		{2B5734DE-784F-425E-BC0B-E48D41B07884}.Release|Any CPU.Build.0 = Release|Any CPU
		{90519B75-E28E-4AC2-A0E3-A3A47D292A89}.Debug|Any CPU.ActiveCfg = Debug|Any CPU
		{90519B75-E28E-4AC2-A0E3-A3A47D292A89}.Debug|Any CPU.Build.0 = Debug|Any CPU
		{90519B75-E28E-4AC2-A0E3-A3A47D292A89}.Release|Any CPU.ActiveCfg = Release|Any CPU
		{90519B75-E28E-4AC2-A0E3-A3A47D292A89}.Release|Any CPU.Build.0 = Release|Any CPU
	EndGlobalSection
	GlobalSection(SolutionProperties) = preSolution
		HideSolutionNode = FALSE
	EndGlobalSection
	GlobalSection(ExtensibilityGlobals) = postSolution
		SolutionGuid = {B2954C70-FCB2-4EA0-9B62-C2F14315C4C9}
	EndGlobalSection
EndGlobal
